# THIS IS AN AUTOGENERATED FILE. DO NOT EDIT THIS FILE DIRECTLY.
# yarn lockfile v1


"@babel/runtime@^7.9.2":
  version "7.23.9"
  resolved "https://registry.npmjs.org/@babel/runtime/-/runtime-7.23.9.tgz#47791a15e4603bb5f905bc0753801cf21d6345f7"
  integrity sha512-0CX6F+BI2s9dkUqr08KFrAIZgNFj75rdBU/DjCyYLIaV/quFjkk6T+EJ2LkZHyZTbEV4L5p97mNkUsHl2wLFAw==
  dependencies:
    regenerator-runtime "^0.14.0"

"@mongodb-js/saslprep@^1.1.5":
  version "1.1.8"
  resolved "https://registry.npmjs.org/@mongodb-js/saslprep/-/saslprep-1.1.8.tgz#d39744540be8800d17749990b0da95b4271840d1"
  integrity sha512-qKwC/M/nNNaKUBMQ0nuzm47b7ZYWQHN3pcXq4IIcoSBc2hOIrflAxJduIvvqmhoz3gR2TacTAs8vlsCVPkiEdQ==
  dependencies:
    sparse-bitfield "^3.0.3"

"@reduxjs/toolkit@^2.1.0":
  version "2.1.0"
  resolved "https://registry.npmjs.org/@reduxjs/toolkit/-/toolkit-2.1.0.tgz#b613226669557080d5d683f3dbbd95462f94b965"
  integrity sha512-nfJ/b4ZhzUevQ1ZPKjlDL6CMYxO4o7ZL7OSsvSOxzT/EN11LsBDgTqP7aedHtBrFSVoK7oTP1SbMWUwGb30NLg==
  dependencies:
    immer "^10.0.3"
    redux "^5.0.1"
    redux-thunk "^3.1.0"
    reselect "^5.0.1"

"@tonaljs/abc-notation@4.9.0":
  version "4.9.0"
  resolved "https://registry.npmjs.org/@tonaljs/abc-notation/-/abc-notation-4.9.0.tgz#f9066f48153eb2bb48693a902d6c9e20d386bc1b"
  integrity sha512-G52FHXNcIbZldoY1LlkXshD5nZqh/VylLCxPlXkx3Fikbn2UZqQ1uK+me8PjJltCCKmNI7M+DkHdh5oBK5CzVw==
  dependencies:
    "@tonaljs/pitch-distance" "5.0.4"
    "@tonaljs/pitch-note" "6.0.0"

"@tonaljs/array@4.8.3":
  version "4.8.3"
  resolved "https://registry.npmjs.org/@tonaljs/array/-/array-4.8.3.tgz#36c7ec6727fbae211a8c8c0a4c54965ebd6a98c9"
  integrity sha512-TeX5vqk61EhlRAIo70d0hKt3a0FEcROsu9ETtTclXl+qaQ1QtEEs0M+B46IZ+sQo5T3s8vtz5z1yCiK26HPr5A==
  dependencies:
    "@tonaljs/pitch-note" "6.0.0"

"@tonaljs/chord-detect@4.9.0":
  version "4.9.0"
  resolved "https://registry.npmjs.org/@tonaljs/chord-detect/-/chord-detect-4.9.0.tgz#7a681826d382407af9949bf84a3186c59b1fc95d"
  integrity sha512-ixlPHjntvcGbcHbIsTNEO8KKSDd2vM8IXVvVAbM8ZXldFHCjejCBQ0nyMPDxY3uzepLALFqBwXfkxF/injsTRw==
  dependencies:
    "@tonaljs/chord-type" "5.1.0"
    "@tonaljs/pcset" "4.10.0"
    "@tonaljs/pitch-note" "6.0.0"

"@tonaljs/chord-type@5.1.0":
  version "5.1.0"
  resolved "https://registry.npmjs.org/@tonaljs/chord-type/-/chord-type-5.1.0.tgz#69016532af40e3aa09c8561301d3f3792c801848"
  integrity sha512-39/SRnhgvElvWHQH1mkOxkQvDodz7HRkPeIL2rjFV3JL57ve38Ws+y9bjbkKCbD474jF0SQ9V+Xga3d/Mccz5g==
  dependencies:
    "@tonaljs/pcset" "4.10.0"

"@tonaljs/chord@6.1.0":
  version "6.1.0"
  resolved "https://registry.npmjs.org/@tonaljs/chord/-/chord-6.1.0.tgz#a64442d4b2adb84dd2fa9c1b4b6dc6d91ea16eb6"
  integrity sha512-Eybaqaox4ukBO3FDQ7x3FLCdq3Gco0YIAFlxtL1fjdlULa1kJL7IVvZND5oVGIBIExI2JLODExyxy054rfZGvw==
  dependencies:
    "@tonaljs/chord-detect" "4.9.0"
    "@tonaljs/chord-type" "5.1.0"
    "@tonaljs/collection" "4.9.0"
    "@tonaljs/interval" "^5.1.0"
    "@tonaljs/pcset" "4.10.0"
    "@tonaljs/pitch-distance" "5.0.4"
    "@tonaljs/pitch-note" "6.0.0"
    "@tonaljs/scale-type" "4.9.0"

"@tonaljs/collection@4.9.0":
  version "4.9.0"
  resolved "https://registry.npmjs.org/@tonaljs/collection/-/collection-4.9.0.tgz#149d4847dd8667c62d4f9c1fa1b6cbe59a24948d"
  integrity sha512-Mk0h7O54nT6PgNVcUYauzxa5KOB23+0AOKudWzRH7JhJIN9vhVIC7PtwZXE+/G051UTbHSFIcN/afkgF4nB/8A==

"@tonaljs/core@5.0.1":
  version "5.0.1"
  resolved "https://registry.npmjs.org/@tonaljs/core/-/core-5.0.1.tgz#8061565c294b60200a6251865d62a11c846880eb"
  integrity sha512-usFeVQhAl2WvXt2AyjAAs6CRicGgr1PIw94sEGaUIIrp1o1h6tU5329nRjrruEFEVmgv5ztL6vsk/rYJt+vOGA==
  dependencies:
    "@tonaljs/pitch" "5.0.2"
    "@tonaljs/pitch-distance" "5.0.4"
    "@tonaljs/pitch-interval" "6.0.0"
    "@tonaljs/pitch-note" "6.0.0"

"@tonaljs/duration-value@4.9.0":
  version "4.9.0"
  resolved "https://registry.npmjs.org/@tonaljs/duration-value/-/duration-value-4.9.0.tgz#47a015932bf679adbb053099206a0b410b46a07f"
  integrity sha512-Muz54HyIe0nMYKWx6wyTa4y17ma29DtpJF4/oqJphy6A124rAVDe/SKit8JGOvDYAQj71FUXqs17sXBxO/ExVw==

"@tonaljs/interval@5.1.0", "@tonaljs/interval@^5.1.0":
  version "5.1.0"
  resolved "https://registry.npmjs.org/@tonaljs/interval/-/interval-5.1.0.tgz#3f70222f02a7ddfa31db6a133f616a2defb82680"
  integrity sha512-GR9dUjn0j7yhjwjRh8HQxZYXOiVl05WfY3AFyMB9rfg807K4dSJmWfPTULPQXyHJ6NiZOPXcwRs8MxMLDxgdbg==
  dependencies:
    "@tonaljs/pitch" "^5.0.2"
    "@tonaljs/pitch-distance" "^5.0.4"
    "@tonaljs/pitch-interval" "^6.0.0"

"@tonaljs/key@4.10.0":
  version "4.10.0"
  resolved "https://registry.npmjs.org/@tonaljs/key/-/key-4.10.0.tgz#fe659eb39da41878eaa25ad649eee1f050c1425c"
  integrity sha512-R+rD6JdeYjnNCRzXbERA5quIx1UrZhlHmA519UeSKzOB7Ia+3c/dQL7Um+zQ/TaWgBkM0/mYpHdlJfLpHixW/w==
  dependencies:
    "@tonaljs/note" "4.11.0"
    "@tonaljs/pitch-note" "6.0.0"
    "@tonaljs/roman-numeral" "4.9.0"

"@tonaljs/midi@4.10.0":
  version "4.10.0"
  resolved "https://registry.npmjs.org/@tonaljs/midi/-/midi-4.10.0.tgz#0916bbb1f194d38dc8d1169b2101f0e5b198f805"
  integrity sha512-LjwEzcBwJSNMLD+qDwVBWvkmIOAs59TPdlTQlooP3S1Au0jy7T+bZeIbBKtLEcDG14S2zyYZEZ1Mo+cxcumMmg==
  dependencies:
    "@tonaljs/pitch-note" "6.0.0"

"@tonaljs/mode@4.9.0":
  version "4.9.0"
  resolved "https://registry.npmjs.org/@tonaljs/mode/-/mode-4.9.0.tgz#a782e5f48d887da2b61028e652c73c9979ba4d83"
  integrity sha512-e1MtDfEMZPcWOuaKW2wbgisAmeptTZq1UDm4RU03inqgggnpsiaJC/NI9sbmTdO4XtAL/JGPgSxm4uB5KWxx8w==
  dependencies:
    "@tonaljs/collection" "4.9.0"
    "@tonaljs/interval" "5.1.0"
    "@tonaljs/pcset" "4.10.0"
    "@tonaljs/pitch-distance" "5.0.4"
    "@tonaljs/pitch-note" "6.0.0"
    "@tonaljs/scale-type" "4.9.0"

"@tonaljs/note@4.11.0":
  version "4.11.0"
  resolved "https://registry.npmjs.org/@tonaljs/note/-/note-4.11.0.tgz#e25c26b3a1469cd2fc5af0f88d29c587e9141b05"
  integrity sha512-KJjtMaJ4Bc0wquFlKFDHk6RBrzHwHPgSvklqWSmhgxbklqQt+70wPn5RVwcJqNc5qnmZce+uvATwl+QVBXMCLQ==
  dependencies:
    "@tonaljs/midi" "4.10.0"
    "@tonaljs/pitch" "5.0.2"
    "@tonaljs/pitch-distance" "5.0.4"
    "@tonaljs/pitch-interval" "6.0.0"
    "@tonaljs/pitch-note" "6.0.0"

"@tonaljs/pcset@4.10.0":
  version "4.10.0"
  resolved "https://registry.npmjs.org/@tonaljs/pcset/-/pcset-4.10.0.tgz#7e20b2e225f800fd44088c59c37330a29501d136"
  integrity sha512-kGiGDpN/fhJGJoILnNJIQqt2vpk8EkcXFtRvs3PaDfaMphtQ7Hd03d2zIhcEEShbCtaXUSeSwbCepwoGqt4WRw==
  dependencies:
    "@tonaljs/collection" "4.9.0"
    "@tonaljs/pitch" "5.0.2"
    "@tonaljs/pitch-distance" "5.0.4"
    "@tonaljs/pitch-interval" "6.0.0"
    "@tonaljs/pitch-note" "6.0.0"

"@tonaljs/pitch-distance@5.0.4", "@tonaljs/pitch-distance@^5.0.4":
  version "5.0.4"
  resolved "https://registry.npmjs.org/@tonaljs/pitch-distance/-/pitch-distance-5.0.4.tgz#163c593b837a5dd132095484df97d221035dc0d5"
  integrity sha512-c/Q/QpU0pE5QMxhf7VfP4p7C+gf5YfGt5mkwgMyQgpGNFSwQrKPPWSrWzArrFjJzejabUlDMREQyRU+Wj50iOQ==
  dependencies:
    "@tonaljs/pitch" "5.0.2"
    "@tonaljs/pitch-interval" "6.0.0"
    "@tonaljs/pitch-note" "6.0.0"

"@tonaljs/pitch-interval@6.0.0", "@tonaljs/pitch-interval@^6.0.0":
  version "6.0.0"
  resolved "https://registry.npmjs.org/@tonaljs/pitch-interval/-/pitch-interval-6.0.0.tgz#0a4fb94d9bbb8094fad58fa772620e4e92c3f12a"
  integrity sha512-0iaFWbgshYWjfmdxzF8jNmTqsNK2krwn+FqDRZb8vEsfaSNC8Jek0f5wYcE2to+7f0P5jJlJnj8CUGvlfKIT5A==
  dependencies:
    "@tonaljs/pitch" "5.0.2"

"@tonaljs/pitch-note@6.0.0":
  version "6.0.0"
  resolved "https://registry.npmjs.org/@tonaljs/pitch-note/-/pitch-note-6.0.0.tgz#dc12c753042fd62d717a61647417b456481da5ff"
  integrity sha512-m4Ei7zwSsKwotVfnodA7m1SR7zD5NNIea+V7Mo35EcK32ZJBg+SvxdwgfNNdLO8bkDbVrZIgVYqeP3R3Jq7VFQ==
  dependencies:
    "@tonaljs/pitch" "5.0.2"

"@tonaljs/pitch@5.0.2", "@tonaljs/pitch@^5.0.2":
  version "5.0.2"
  resolved "https://registry.npmjs.org/@tonaljs/pitch/-/pitch-5.0.2.tgz#ca2dcd60b99e90536f52293d2491187edfbc9967"
  integrity sha512-mxaXJPPe+LIJdjzpZEl8I8Wx3dEvlzkBbsr2Ltwc2dTAdnErAZ5R0TxVq2egF27lMvQN2QPQPWI9iDPPdVUmrg==

"@tonaljs/progression@4.9.0":
  version "4.9.0"
  resolved "https://registry.npmjs.org/@tonaljs/progression/-/progression-4.9.0.tgz#8f6e4b43c81fd7d5df8e5634dbbc849ab9a8bf9e"
  integrity sha512-Pe9gp9o4af7uN7sSbA588ImVn9A31mjCD1t2gjHYEDve+q+S33juBurUkdwiJBI3mPWMPPCtSxucZI/nrAiYDA==
  dependencies:
    "@tonaljs/chord" "6.1.0"
    "@tonaljs/pitch-distance" "5.0.4"
    "@tonaljs/pitch-interval" "6.0.0"
    "@tonaljs/pitch-note" "6.0.0"
    "@tonaljs/roman-numeral" "4.9.0"

"@tonaljs/range@4.9.0":
  version "4.9.0"
  resolved "https://registry.npmjs.org/@tonaljs/range/-/range-4.9.0.tgz#d17e20c7901cf5dec7d69943be3cf892062b70d0"
  integrity sha512-ir8MN6F89lmoNjfdTbr0evZUjFQp6cAxMzFckf1KBKnjvVulinRWAW//VHgZ7EdNGkLKDCfdT/F5GKEGlj6KnQ==
  dependencies:
    "@tonaljs/collection" "4.9.0"
    "@tonaljs/midi" "4.10.0"

"@tonaljs/rhythm-pattern@1.0.0":
  version "1.0.0"
  resolved "https://registry.npmjs.org/@tonaljs/rhythm-pattern/-/rhythm-pattern-1.0.0.tgz#75aa2a20b4b09459abae2a41ade39905fb43534f"
  integrity sha512-3hp4Yw49e6BTWApRNb7arJ6HiICsHRFZYijuPE+vR93lIo9+lxcOMh0OPc4DyupTN7cvFTSB70Z7B/IeEJxhCQ==

"@tonaljs/roman-numeral@4.9.0":
  version "4.9.0"
  resolved "https://registry.npmjs.org/@tonaljs/roman-numeral/-/roman-numeral-4.9.0.tgz#ffca2bb901d764bbfade10b2f6ab65ba8ff20b02"
  integrity sha512-kegMCXUcLpdSSTI7YoU49kWv5DwVAkpyZAz6svYKtP1Vdjt4+q8c5hjSupM8QH4chQBNElRzqhZRgx90sMc/fw==
  dependencies:
    "@tonaljs/pitch" "5.0.2"
    "@tonaljs/pitch-interval" "6.0.0"
    "@tonaljs/pitch-note" "6.0.0"

"@tonaljs/scale-type@4.9.0":
  version "4.9.0"
  resolved "https://registry.npmjs.org/@tonaljs/scale-type/-/scale-type-4.9.0.tgz#7fa9f919f9706284c658ceef22f98baaaaa33623"
  integrity sha512-8kp71+gLAgKkLKd78SrLbP9eUdt1xKY/1uchgG7vyL4itMixMo/3l+WRKcvb0+gX2+AM2/E+xeCjxrRU5jaVpw==
  dependencies:
    "@tonaljs/pcset" "4.10.0"

"@tonaljs/scale@4.13.0":
  version "4.13.0"
  resolved "https://registry.npmjs.org/@tonaljs/scale/-/scale-4.13.0.tgz#1c6cd96e1fc5e9b557b840adb5e34c1ece2794b9"
  integrity sha512-eCOoJlnjW542hCeW7yN61TEZkm7HTbBqdrug3Qx61o62tlwSwJF/nY00XgaTxWFpJFb9HEqAKuD7EUleqBnTYw==
  dependencies:
    "@tonaljs/chord-type" "5.1.0"
    "@tonaljs/collection" "4.9.0"
    "@tonaljs/note" "4.11.0"
    "@tonaljs/pcset" "4.10.0"
    "@tonaljs/pitch-distance" "5.0.4"
    "@tonaljs/pitch-note" "6.0.0"
    "@tonaljs/scale-type" "4.9.0"

"@tonaljs/time-signature@4.9.0":
  version "4.9.0"
  resolved "https://registry.npmjs.org/@tonaljs/time-signature/-/time-signature-4.9.0.tgz#15a898daa682353bb28e1dfc58a97844e7f50e00"
  integrity sha512-zRo8CBqg/2guzTlF2vxyVIuB5gmwWQaxlknJPUSDII8CTdQ/x3a1LlNoMKkvTUnqwCihe3WrNPZ5XUfOOTthYA==

"@tonaljs/voice-leading@5.1.0":
  version "5.1.0"
  resolved "https://registry.npmjs.org/@tonaljs/voice-leading/-/voice-leading-5.1.0.tgz#3397312aaf76f82d88a9e484cb9d2bde9250508a"
  integrity sha512-DKN0cRlnAV0xjpt2SltUPDP350zqkl1y7q3alAZzAs4yAnSM8Jb7b3UPljzDRQ3qo/ZAK8Za9VF77A/hw12Erg==
  dependencies:
    "@tonaljs/note" "4.11.0"

"@tonaljs/voicing-dictionary@5.1.0":
  version "5.1.0"
  resolved "https://registry.npmjs.org/@tonaljs/voicing-dictionary/-/voicing-dictionary-5.1.0.tgz#329f673dcfd52d413aecd668d8ddd9f8e5b5c4d6"
  integrity sha512-3DimGhJPrJQx89tsv2u1Mn24egVQrSo2C3mUHug2I8QjVx9vUqls4LdWmudeeFTJYubt+QuQjHLt0YCFQ4B+gA==
  dependencies:
    "@tonaljs/chord" "6.1.0"
    "@tonaljs/note" "4.11.0"
    "@tonaljs/voice-leading" "5.1.0"

"@tonaljs/voicing@5.1.0":
  version "5.1.0"
  resolved "https://registry.npmjs.org/@tonaljs/voicing/-/voicing-5.1.0.tgz#4c4efcb74f88aa5150961a71e112a80f0a083009"
  integrity sha512-AU45W1PmY6jm+HLdFXDmyrPNTewgK/cOM4OUKZ7CzKGvBkk278yZIXII90/BnvoTIjnAQ7WFz8uodXS8DsWxKw==
  dependencies:
    "@tonaljs/chord" "6.1.0"
    "@tonaljs/interval" "5.1.0"
    "@tonaljs/note" "4.11.0"
    "@tonaljs/range" "4.9.0"
    "@tonaljs/voice-leading" "5.1.0"
    "@tonaljs/voicing-dictionary" "5.1.0"

"@types/hoist-non-react-statics@^3.3.0":
  version "3.3.5"
  resolved "https://registry.npmjs.org/@types/hoist-non-react-statics/-/hoist-non-react-statics-3.3.5.tgz#dab7867ef789d87e2b4b0003c9d65c49cc44a494"
  integrity sha512-SbcrWzkKBw2cdwRTwQAswfpB9g9LJWfjtUeW/jvNwbhC8cpmmNYVePa+ncbUe0rGTQ7G3Ff6mYUN2VMfLVr+Sg==
  dependencies:
    "@types/react" "*"
    hoist-non-react-statics "^3.3.0"

"@types/prop-types@*":
  version "15.7.11"
  resolved "https://registry.npmjs.org/@types/prop-types/-/prop-types-15.7.11.tgz#2596fb352ee96a1379c657734d4b913a613ad563"
  integrity sha512-ga8y9v9uyeiLdpKddhxYQkxNDrfvuPrlFb0N1qnZZByvcElJaXthF1UhvCh9TLWJBEHeNtdnbysW7Y6Uq8CVng==

"@types/react-redux@^7.1.33":
  version "7.1.33"
  resolved "https://registry.npmjs.org/@types/react-redux/-/react-redux-7.1.33.tgz#53c5564f03f1ded90904e3c90f77e4bd4dc20b15"
  integrity sha512-NF8m5AjWCkert+fosDsN3hAlHzpjSiXlVy9EgQEmLoBhaNXbmyeGs/aj5dQzKuF+/q+S7JQagorGDW8pJ28Hmg==
  dependencies:
    "@types/hoist-non-react-statics" "^3.3.0"
    "@types/react" "*"
    hoist-non-react-statics "^3.3.0"
    redux "^4.0.0"

"@types/react@*":
  version "18.2.52"
  resolved "https://registry.npmjs.org/@types/react/-/react-18.2.52.tgz#83ca0c62bd1ff31464dac4cf1937e55c78f77aa2"
  integrity sha512-E/YjWh3tH+qsLKaUzgpZb5AY0ChVa+ZJzF7ogehVILrFpdQk6nC/WXOv0bfFEABbXbgNxLBGU7IIZByPKb6eBw==
  dependencies:
    "@types/prop-types" "*"
    "@types/scheduler" "*"
    csstype "^3.0.2"

"@types/scheduler@*":
  version "0.16.8"
  resolved "https://registry.npmjs.org/@types/scheduler/-/scheduler-0.16.8.tgz#ce5ace04cfeabe7ef87c0091e50752e36707deff"
  integrity sha512-WZLiwShhwLRmeV6zH+GkbOFT6Z6VklCItrDioxUnv+u4Ll+8vKeFySoFyK/0ctcRpOmwAicELfmys1sDc/Rw+A==

"@types/webidl-conversions@*":
  version "7.0.2"
  resolved "https://registry.npmjs.org/@types/webidl-conversions/-/webidl-conversions-7.0.2.tgz#d703e2bf61d8b77a7669adcd8fdf98108155d594"
  integrity sha512-uNv6b/uGRLlCVmelat2rA8bcVd3k/42mV2EmjhPh6JLkd35T5bgwR/t6xy7a9MWhd9sixIeBUzhBenvk3NO+DQ==

"@types/whatwg-url@^11.0.2":
  version "11.0.5"
  resolved "https://registry.npmjs.org/@types/whatwg-url/-/whatwg-url-11.0.5.tgz#aaa2546e60f0c99209ca13360c32c78caf2c409f"
  integrity sha512-coYR071JRaHa+xoEvvYqvnIHaVqaYrLPbsufM9BF63HkwI5Lgmy2QR8Q5K/lYDYo5AK82wOvSOS0UsLTpTG7uQ==
  dependencies:
    "@types/webidl-conversions" "*"

asynckit@^0.4.0:
  version "0.4.0"
  resolved "https://registry.npmjs.org/asynckit/-/asynckit-0.4.0.tgz#c79ed97f7f34cb8f2ba1bc9790bcc366474b4b79"
  integrity sha512-Oei9OH4tRh0YqU3GxhX79dM/mwVgvbZJaSNaRk+bshkj0S5cfHcgYakreBjrHwatXKbz+IoIdYLxrKim2MjW0Q==

axios@^1.6.7:
  version "1.6.7"
  resolved "https://registry.npmjs.org/axios/-/axios-1.6.7.tgz#7b48c2e27c96f9c68a2f8f31e2ab19f59b06b0a7"
  integrity sha512-/hDJGff6/c7u0hDkvkGxR/oy6CbCs8ziCsC7SqmhjfozqiJGc8Z11wrv9z9lYfY4K8l+H9TpjcMDX0xOZmx+RA==
  dependencies:
    follow-redirects "^1.15.4"
    form-data "^4.0.0"
    proxy-from-env "^1.1.0"

bson-objectid@^2.0.4:
  version "2.0.4"
  resolved "https://registry.npmjs.org/bson-objectid/-/bson-objectid-2.0.4.tgz#339211572ef97dc98f2d68eaee7b99b7be59a089"
  integrity sha512-vgnKAUzcDoa+AeyYwXCoHyF2q6u/8H46dxu5JN+4/TZeq/Dlinn0K6GvxsCLb3LHUJl0m/TLiEK31kUwtgocMQ==

bson@^6.7.0:
  version "6.8.0"
  resolved "https://registry.npmjs.org/bson/-/bson-6.8.0.tgz#5063c41ba2437c2b8ff851b50d9e36cb7aaa7525"
  integrity sha512-iOJg8pr7wq2tg/zSlCCHMi3hMm5JTOxLTagf3zxhcenHsFp+c6uOs6K7W5UE7A4QIJGtqh/ZovFNMP4mOPJynQ==

combined-stream@^1.0.8:
  version "1.0.8"
  resolved "https://registry.npmjs.org/combined-stream/-/combined-stream-1.0.8.tgz#c3d45a8b34fd730631a110a8a2520682b31d5a7f"
  integrity sha512-FQN4MRfuJeHf7cBbBMJFXhKSDq+2kAArBlmRBvcvFE5BB1HZKXtSFASDhdlz9zOYwxh8lDdnvmMOe/+5cdoEdg==
  dependencies:
    delayed-stream "~1.0.0"

csstype@^3.0.2:
  version "3.1.3"
  resolved "https://registry.npmjs.org/csstype/-/csstype-3.1.3.tgz#d80ff294d114fb0e6ac500fbf85b60137d7eff81"
  integrity sha512-M1uQkMl8rQK/szD0LNhtqxIPLpimGm8sOBwU7lLnCpSbTyY3yeU1Vc7l4KT5zT4s/yOxHH5O7tIuuLOCnLADRw==

debug@4.x:
  version "4.3.4"
  resolved "https://registry.npmjs.org/debug/-/debug-4.3.4.tgz#1319f6579357f2338d3337d2cdd4914bb5dcc865"
  integrity sha512-PRWFHuSU3eDtQJPvnNY7Jcket1j0t5OuOsFzPPzsekD52Zl8qUfFIPEiswXqIvHWGVHOgX+7G/vCNNhehwxfkQ==
  dependencies:
    ms "2.1.2"

delayed-stream@~1.0.0:
  version "1.0.0"
  resolved "https://registry.npmjs.org/delayed-stream/-/delayed-stream-1.0.0.tgz#df3ae199acadfb7d440aaae0b29e2272b24ec619"
  integrity sha512-ZySD7Nf91aLB0RxL4KGrKHBXl7Eds1DAmEdcoVawXnLD7SDhpNgtuII2aAkg7a7QS41jxPSZ17p4VdGnMHk3MQ==

follow-redirects@^1.15.4:
  version "1.15.5"
  resolved "https://registry.npmjs.org/follow-redirects/-/follow-redirects-1.15.5.tgz#54d4d6d062c0fa7d9d17feb008461550e3ba8020"
  integrity sha512-vSFWUON1B+yAw1VN4xMfxgn5fTUiaOzAJCKBwIIgT/+7CuGy9+r+5gITvP62j3RmaD5Ph65UaERdOSRGUzZtgw==

form-data@^4.0.0:
  version "4.0.0"
  resolved "https://registry.npmjs.org/form-data/-/form-data-4.0.0.tgz#93919daeaf361ee529584b9b31664dc12c9fa452"
  integrity sha512-ETEklSGi5t0QMZuiXoA/Q6vcnxcLQP5vdugSpuAyi6SVGi2clPPp+xgEhuMaHC+zGgn31Kd235W35f7Hykkaww==
  dependencies:
    asynckit "^0.4.0"
    combined-stream "^1.0.8"
    mime-types "^2.1.12"

hoist-non-react-statics@^3.3.0:
  version "3.3.2"
  resolved "https://registry.npmjs.org/hoist-non-react-statics/-/hoist-non-react-statics-3.3.2.tgz#ece0acaf71d62c2969c2ec59feff42a4b1a85b45"
  integrity sha512-/gGivxi8JPKWNm/W0jSmzcMPpfpPLc3dY/6GxhX2hQ9iGj3aDfklV4ET7NjKpSinLpJ5vafa9iiGIEZg10SfBw==
  dependencies:
    react-is "^16.7.0"

immer@^10.0.3:
  version "10.0.3"
  resolved "https://registry.npmjs.org/immer/-/immer-10.0.3.tgz#a8de42065e964aa3edf6afc282dfc7f7f34ae3c9"
  integrity sha512-pwupu3eWfouuaowscykeckFmVTpqbzW+rXFCX8rQLkZzM9ftBmU/++Ra+o+L27mz03zJTlyV4UUr+fdKNffo4A==

kareem@2.6.3:
  version "2.6.3"
  resolved "https://registry.npmjs.org/kareem/-/kareem-2.6.3.tgz#23168ec8ffb6c1abfd31b7169a6fb1dd285992ac"
  integrity sha512-C3iHfuGUXK2u8/ipq9LfjFfXFxAZMQJJq7vLS45r3D9Y2xQ/m4S8zaR4zMLFWh9AsNPXmcFfUDhTEO8UIC/V6Q==

memory-pager@^1.0.2:
  version "1.5.0"
  resolved "https://registry.npmjs.org/memory-pager/-/memory-pager-1.5.0.tgz#d8751655d22d384682741c972f2c3d6dfa3e66b5"
  integrity sha512-ZS4Bp4r/Zoeq6+NLJpP+0Zzm0pR8whtGPf1XExKLJBAczGMnSi3It14OiNCStjQjM6NU1okjQGSxgEZN8eBYKg==

mime-db@1.52.0:
  version "1.52.0"
  resolved "https://registry.npmjs.org/mime-db/-/mime-db-1.52.0.tgz#bbabcdc02859f4987301c856e3387ce5ec43bf70"
  integrity sha512-sPU4uV7dYlvtWJxwwxHD0PuihVNiE7TyAbQ5SWxDCB9mUYvOgroQOwYQQOKPJ8CIbE+1ETVlOoK1UC2nU3gYvg==

mime-types@^2.1.12:
  version "2.1.35"
  resolved "https://registry.npmjs.org/mime-types/-/mime-types-2.1.35.tgz#381a871b62a734450660ae3deee44813f70d959a"
  integrity sha512-ZDY+bPm5zTTF+YpCrAU9nK0UgICYPT0QtT1NZWFv4s++TNkcgVaT0g6+4R2uI4MjQjzysHB1zxuWL50hzaeXiw==
  dependencies:
    mime-db "1.52.0"

mongodb-connection-string-url@^3.0.0:
  version "3.0.1"
  resolved "https://registry.npmjs.org/mongodb-connection-string-url/-/mongodb-connection-string-url-3.0.1.tgz#c13e6ac284ae401752ebafdb8cd7f16c6723b141"
  integrity sha512-XqMGwRX0Lgn05TDB4PyG2h2kKO/FfWJyCzYQbIhXUxz7ETt0I/FqHjUeqj37irJ+Dl1ZtU82uYyj14u2XsZKfg==
  dependencies:
    "@types/whatwg-url" "^11.0.2"
    whatwg-url "^13.0.0"

mongodb@6.8.0:
  version "6.8.0"
  resolved "https://registry.npmjs.org/mongodb/-/mongodb-6.8.0.tgz#680450f113cdea6d2d9f7121fe57cd29111fd2ce"
  integrity sha512-HGQ9NWDle5WvwMnrvUxsFYPd3JEbqD3RgABHBQRuoCEND0qzhsd0iH5ypHsf1eJ+sXmvmyKpP+FLOKY8Il7jMw==
  dependencies:
    "@mongodb-js/saslprep" "^1.1.5"
    bson "^6.7.0"
    mongodb-connection-string-url "^3.0.0"

mongoose@^8.6.0:
  version "8.6.0"
  resolved "https://registry.npmjs.org/mongoose/-/mongoose-8.6.0.tgz#52a7cc6026c4d49cd14e4a40e6601c44b1186e49"
  integrity sha512-p6VSbYKvD4ZIabqo8C0kS5eKX1Xpji+opTAIJ9wyuPJ8Y/FblgXSMnFRXnB40bYZLKPQT089K5KU8+bqIXtFdw==
  dependencies:
    bson "^6.7.0"
    kareem "2.6.3"
    mongodb "6.8.0"
    mpath "0.9.0"
    mquery "5.0.0"
    ms "2.1.3"
    sift "17.1.3"

mpath@0.9.0:
  version "0.9.0"
  resolved "https://registry.npmjs.org/mpath/-/mpath-0.9.0.tgz#0c122fe107846e31fc58c75b09c35514b3871904"
  integrity sha512-ikJRQTk8hw5DEoFVxHG1Gn9T/xcjtdnOKIU1JTmGjZZlg9LST2mBLmcX3/ICIbgJydT2GOc15RnNy5mHmzfSew==

mquery@5.0.0:
  version "5.0.0"
  resolved "https://registry.npmjs.org/mquery/-/mquery-5.0.0.tgz#a95be5dfc610b23862df34a47d3e5d60e110695d"
  integrity sha512-iQMncpmEK8R8ncT8HJGsGc9Dsp8xcgYMVSbs5jgnm1lFHTZqMJTUWTDx1LBO8+mK3tPNZWFLBghQEIOULSTHZg==
  dependencies:
    debug "4.x"

ms@2.1.2:
  version "2.1.2"
  resolved "https://registry.npmjs.org/ms/-/ms-2.1.2.tgz#d09d1f357b443f493382a8eb3ccd183872ae6009"
  integrity sha512-sGkPx+VjMtmA6MX27oA4FBFELFCZZ4S4XqeGOXCv68tT+jb3vk/RyaKWP0PTKyWtmLSM0b+adUTEvbs1PEaH2w==

ms@2.1.3:
  version "2.1.3"
  resolved "https://registry.npmjs.org/ms/-/ms-2.1.3.tgz#574c8138ce1d2b5861f0b44579dbadd60c6615b2"
  integrity sha512-6FlzubTLZG3J2a/NVCAleEhjzq5oxgHyaCU9yYXvcLsvoVaHJq/s5xXI6/XXP6tz7R9xAOtHnSO/tXtF3WRTlA==

proxy-from-env@^1.1.0:
  version "1.1.0"
  resolved "https://registry.npmjs.org/proxy-from-env/-/proxy-from-env-1.1.0.tgz#e102f16ca355424865755d2c9e8ea4f24d58c3e2"
  integrity sha512-D+zkORCbA9f1tdWRK0RaCR3GPv50cMxcrz4X8k5LTSUD1Dkw47mKJEZQNunItRTkWwgtaUSo1RVFRIG9ZXiFYg==

punycode@^2.3.0:
  version "2.3.1"
  resolved "https://registry.npmjs.org/punycode/-/punycode-2.3.1.tgz#027422e2faec0b25e1549c3e1bd8309b9133b6e5"
  integrity sha512-vYt7UD1U9Wg6138shLtLOvdAu+8DsC/ilFtEVHcH+wydcSpNE20AfSOduf6MkRFahL5FY7X1oU7nKVZFtfq8Fg==

react-is@^16.7.0:
  version "16.13.1"
  resolved "https://registry.npmjs.org/react-is/-/react-is-16.13.1.tgz#789729a4dc36de2999dc156dd6c1d9c18cea56a4"
  integrity sha512-24e6ynE2H+OKt4kqsOvNd8kBpV65zoxbA4BVsEOB3ARVWQki/DHzaUoC5KuON/BiccDaCCTZBuOcfZs70kR8bQ==

redux-thunk@^3.1.0:
  version "3.1.0"
  resolved "https://registry.npmjs.org/redux-thunk/-/redux-thunk-3.1.0.tgz#94aa6e04977c30e14e892eae84978c1af6058ff3"
  integrity sha512-NW2r5T6ksUKXCabzhL9z+h206HQw/NJkcLm1GPImRQ8IzfXwRGqjVhKJGauHirT0DAuyy6hjdnMZaRoAcy0Klw==

redux@^4.0.0:
  version "4.2.1"
  resolved "https://registry.npmjs.org/redux/-/redux-4.2.1.tgz#c08f4306826c49b5e9dc901dee0452ea8fce6197"
  integrity sha512-LAUYz4lc+Do8/g7aeRa8JkyDErK6ekstQaqWQrNRW//MY1TvCEpMtpTWvlQ+FPbWCx+Xixu/6SHt5N0HR+SB4w==
  dependencies:
    "@babel/runtime" "^7.9.2"

redux@^5.0.1:
  version "5.0.1"
  resolved "https://registry.npmjs.org/redux/-/redux-5.0.1.tgz#97fa26881ce5746500125585d5642c77b6e9447b"
  integrity sha512-M9/ELqF6fy8FwmkpnF0S3YKOqMyoWJ4+CS5Efg2ct3oY9daQvd/Pc71FpGZsVsbl3Cpb+IIcjBDUnnyBdQbq4w==

regenerator-runtime@^0.14.0:
  version "0.14.1"
  resolved "https://registry.npmjs.org/regenerator-runtime/-/regenerator-runtime-0.14.1.tgz#356ade10263f685dda125100cd862c1db895327f"
  integrity sha512-dYnhHh0nJoMfnkZs6GmmhFknAGRrLznOu5nc9ML+EJxGvrx6H7teuevqVqCuPcPK//3eDrrjQhehXVx9cnkGdw==

reselect@^5.0.1:
  version "5.1.0"
  resolved "https://registry.npmjs.org/reselect/-/reselect-5.1.0.tgz#c479139ab9dd91be4d9c764a7f3868210ef8cd21"
  integrity sha512-aw7jcGLDpSgNDyWBQLv2cedml85qd95/iszJjN988zX1t7AVRJi19d9kto5+W7oCfQ94gyo40dVbT6g2k4/kXg==

sift@17.1.3:
  version "17.1.3"
  resolved "https://registry.npmjs.org/sift/-/sift-17.1.3.tgz#9d2000d4d41586880b0079b5183d839c7a142bf7"
  integrity sha512-Rtlj66/b0ICeFzYTuNvX/EF1igRbbnGSvEyT79McoZa/DeGhMyC5pWKOEsZKnpkqtSeovd5FL/bjHWC3CIIvCQ==

sparse-bitfield@^3.0.3:
  version "3.0.3"
  resolved "https://registry.npmjs.org/sparse-bitfield/-/sparse-bitfield-3.0.3.tgz#ff4ae6e68656056ba4b3e792ab3334d38273ca11"
  integrity sha512-kvzhi7vqKTfkh0PZU+2D2PIllw2ymqJKujUcyPMd9Y75Nv4nPbGJZXNhxsgdQab2BmlDct1YnfQCguEvHr7VsQ==
  dependencies:
    memory-pager "^1.0.2"

tonal@^6.2.0:
  version "6.2.0"
  resolved "https://registry.npmjs.org/tonal/-/tonal-6.2.0.tgz#7651d367e3059934a1a786a74b4053f97a08cfe3"
  integrity sha512-pRGSTkkUjMHiGmtGR8cVBMuoh2Jmy5CmMWE37r8G74boOOfiSXdFb2WxA0xtj8VuixxBS8qntBD1ynrCN9VolA==
  dependencies:
    "@tonaljs/abc-notation" "4.9.0"
    "@tonaljs/array" "4.8.3"
    "@tonaljs/chord" "6.1.0"
    "@tonaljs/chord-type" "5.1.0"
    "@tonaljs/collection" "4.9.0"
    "@tonaljs/core" "5.0.1"
    "@tonaljs/duration-value" "4.9.0"
    "@tonaljs/interval" "5.1.0"
    "@tonaljs/key" "4.10.0"
    "@tonaljs/midi" "4.10.0"
    "@tonaljs/mode" "4.9.0"
    "@tonaljs/note" "4.11.0"
    "@tonaljs/pcset" "4.10.0"
    "@tonaljs/progression" "4.9.0"
    "@tonaljs/range" "4.9.0"
    "@tonaljs/rhythm-pattern" "1.0.0"
    "@tonaljs/roman-numeral" "4.9.0"
    "@tonaljs/scale" "4.13.0"
    "@tonaljs/scale-type" "4.9.0"
    "@tonaljs/time-signature" "4.9.0"
    "@tonaljs/voice-leading" "5.1.0"
    "@tonaljs/voicing" "5.1.0"
    "@tonaljs/voicing-dictionary" "5.1.0"

tr46@^4.1.1:
  version "4.1.1"
  resolved "https://registry.npmjs.org/tr46/-/tr46-4.1.1.tgz#281a758dcc82aeb4fe38c7dfe4d11a395aac8469"
  integrity sha512-2lv/66T7e5yNyhAAC4NaKe5nVavzuGJQVVtRYLyQ2OI8tsJ61PMLlelehb0wi2Hx6+hT/OJUWZcw8MjlSRnxvw==
  dependencies:
    punycode "^2.3.0"

typescript@^5.5.4:
  version "5.5.4"
  resolved "https://registry.npmjs.org/typescript/-/typescript-5.5.4.tgz#d9852d6c82bad2d2eda4fd74a5762a8f5909e9ba"
  integrity sha512-Mtq29sKDAEYP7aljRgtPOpTvOfbwRWlS6dPRzwjdE+C0R4brX/GUyhHSecbHMFLNBLcJIPt9nl9yG5TZ1weH+Q==

webidl-conversions@^7.0.0:
  version "7.0.0"
  resolved "https://registry.npmjs.org/webidl-conversions/-/webidl-conversions-7.0.0.tgz#256b4e1882be7debbf01d05f0aa2039778ea080a"
  integrity sha512-VwddBukDzu71offAQR975unBIGqfKZpM+8ZX6ySk8nYhVoo5CYaZyzt3YBvYtRtO+aoGlqxPg/B87NGVZ/fu6g==

whatwg-url@^13.0.0:
  version "13.0.0"
  resolved "https://registry.npmjs.org/whatwg-url/-/whatwg-url-13.0.0.tgz#b7b536aca48306394a34e44bda8e99f332410f8f"
  integrity sha512-9WWbymnqj57+XEuqADHrCJ2eSXzn8WXIW/YSGaZtb2WKAInQ6CHfaUUcTyyver0p8BDg5StLQq8h1vtZuwmOig==
  dependencies:
    tr46 "^4.1.1"
    webidl-conversions "^7.0.0"

zod@^3.22.4:
  version "3.22.4"
  resolved "https://registry.npmjs.org/zod/-/zod-3.22.4.tgz#f31c3a9386f61b1f228af56faa9255e845cf3fff"
  integrity sha512-iC+8Io04lddc+mVqQ9AZ7OQ2MrUKGN+oIQyq1vemgt46jwCwLfhq7/pwnBnNXXXZb8VTVLKwp9EDkx+ryxIWmg==
